// !$*UTF8*$!
{
	archiveVersion = 1;
	classes = {
	};
	objectVersion = 73;
	objects = {

/* Begin PBXAggregateTarget section */
		BD43C6212D1B248D003BBC42 /* com.Stossy11.MeloNX.RyujinxAg */ = {
			isa = PBXAggregateTarget;
			buildConfigurationList = BD43C6222D1B248D003BBC42 /* Build configuration list for PBXAggregateTarget "com.Stossy11.MeloNX.RyujinxAg" */;
			buildPhases = (
				BD43C62A2D1B252F003BBC42 /* ShellScript */,
			);
			dependencies = (
				BD43C6262D1B249E003BBC42 /* PBXTargetDependency */,
			);
			name = com.Stossy11.MeloNX.RyujinxAg;
			packageProductDependencies = (
			);
			productName = com.Stossy11.MeloNX.RyujinxAg;
		};
/* End PBXAggregateTarget section */

/* Begin PBXBuildFile section */
		4E0DED342D05695D00FEF007 /* SwiftUIJoystick in Frameworks */ = {isa = PBXBuildFile; productRef = 4E0DED332D05695D00FEF007 /* SwiftUIJoystick */; };
		4EA5AE822D16807500AD0B9F /* SwiftSVG in Frameworks */ = {isa = PBXBuildFile; productRef = 4EA5AE812D16807500AD0B9F /* SwiftSVG */; };
		CA8F9C322D3F5AB200D7E586 /* GameController.framework in Frameworks */ = {isa = PBXBuildFile; fileRef = 4E80AA622CD7122800029585 /* GameController.framework */; };
/* End PBXBuildFile section */

/* Begin PBXContainerItemProxy section */
		4E80A99E2CD6F54700029585 /* PBXContainerItemProxy */ = {
			isa = PBXContainerItemProxy;
			containerPortal = 4E80A9852CD6F54500029585 /* Project object */;
			proxyType = 1;
			remoteGlobalIDString = 4E80A98C2CD6F54500029585;
			remoteInfo = MeloNX;
		};
		4E80A9A82CD6F54700029585 /* PBXContainerItemProxy */ = {
			isa = PBXContainerItemProxy;
			containerPortal = 4E80A9852CD6F54500029585 /* Project object */;
			proxyType = 1;
			remoteGlobalIDString = 4E80A98C2CD6F54500029585;
			remoteInfo = MeloNX;
		};
		BD43C6252D1B249E003BBC42 /* PBXContainerItemProxy */ = {
			isa = PBXContainerItemProxy;
			containerPortal = 4E80A9852CD6F54500029585 /* Project object */;
			proxyType = 1;
			remoteGlobalIDString = BD43C61D2D1B23AB003BBC42;
			remoteInfo = Ryujinx;
		};
/* End PBXContainerItemProxy section */

/* Begin PBXCopyFilesBuildPhase section */
		4E80AA092CD6FAA800029585 /* Embed Libraries */ = {
			isa = PBXCopyFilesBuildPhase;
			buildActionMask = 2147483647;
			dstPath = "";
			dstSubfolderSpec = 10;
			files = (
			);
			name = "Embed Libraries";
			runOnlyForDeploymentPostprocessing = 0;
		};
/* End PBXCopyFilesBuildPhase section */

/* Begin PBXFileReference section */
		4E80A98D2CD6F54500029585 /* MeloNX.app */ = {isa = PBXFileReference; explicitFileType = wrapper.application; includeInIndex = 0; path = MeloNX.app; sourceTree = BUILT_PRODUCTS_DIR; };
		4E80A99D2CD6F54700029585 /* MeloNXTests.xctest */ = {isa = PBXFileReference; explicitFileType = wrapper.cfbundle; includeInIndex = 0; path = MeloNXTests.xctest; sourceTree = BUILT_PRODUCTS_DIR; };
		4E80A9A72CD6F54700029585 /* MeloNXUITests.xctest */ = {isa = PBXFileReference; explicitFileType = wrapper.cfbundle; includeInIndex = 0; path = MeloNXUITests.xctest; sourceTree = BUILT_PRODUCTS_DIR; };
		4E80AA622CD7122800029585 /* GameController.framework */ = {isa = PBXFileReference; lastKnownFileType = wrapper.framework; name = GameController.framework; path = System/Library/Frameworks/GameController.framework; sourceTree = SDKROOT; };
		5650564A2D2A758600C8BB1E /* dotnet.xcconfig.example */ = {isa = PBXFileReference; lastKnownFileType = text; path = dotnet.xcconfig.example; sourceTree = "<group>"; };
		BD43C6282D1B2514003BBC42 /* Ryujinx.Headless.SDL2.dylib */ = {isa = PBXFileReference; lastKnownFileType = "compiled.mach-o.dylib"; name = Ryujinx.Headless.SDL2.dylib; path = "MeloNX/Dependencies/Dynamic Libraries/Ryujinx.Headless.SDL2.dylib"; sourceTree = "<group>"; };
/* End PBXFileReference section */

/* Begin PBXFileSystemSynchronizedBuildFileExceptionSet section */
		CA8F9C2D2D3F5A3A00D7E586 /* PBXFileSystemSynchronizedBuildFileExceptionSet */ = {
			isa = PBXFileSystemSynchronizedBuildFileExceptionSet;
			membershipExceptions = (
				Info.plist,
			);
			target = 4E80A98C2CD6F54500029585 /* MeloNX */;
		};
/* End PBXFileSystemSynchronizedBuildFileExceptionSet section */

/* Begin PBXFileSystemSynchronizedGroupBuildPhaseMembershipExceptionSet section */
		CA0AE31D2D3EECBC00F6D350 /* PBXFileSystemSynchronizedGroupBuildPhaseMembershipExceptionSet */ = {
			isa = PBXFileSystemSynchronizedGroupBuildPhaseMembershipExceptionSet;
			attributesByRelativePath = {
				"Dependencies/Dynamic Libraries/Hypervisor.framework" = (
					CodeSignOnCopy,
					RemoveHeadersOnCopy,
				);
				"Dependencies/Dynamic Libraries/Ryujinx.Headless.SDL2.dylib" = (
					CodeSignOnCopy,
				);
				"Dependencies/Dynamic Libraries/SoftwareKeyboard.framework" = (
					CodeSignOnCopy,
					RemoveHeadersOnCopy,
				);
				"Dependencies/Dynamic Libraries/libMoltenVK.dylib" = (
					CodeSignOnCopy,
				);
				"Dependencies/Dynamic Libraries/libavcodec.dylib" = (
					CodeSignOnCopy,
				);
				"Dependencies/Dynamic Libraries/libavutil.dylib" = (
					CodeSignOnCopy,
				);
				Dependencies/XCFrameworks/MoltenVK.xcframework = (
					CodeSignOnCopy,
					RemoveHeadersOnCopy,
				);
				Dependencies/XCFrameworks/SDL2.xcframework = (
					CodeSignOnCopy,
					RemoveHeadersOnCopy,
				);
				Dependencies/XCFrameworks/libSPIRV.xcframework = (
					CodeSignOnCopy,
					RemoveHeadersOnCopy,
				);
				Dependencies/XCFrameworks/libavcodec.xcframework = (
					CodeSignOnCopy,
					RemoveHeadersOnCopy,
				);
				Dependencies/XCFrameworks/libavfilter.xcframework = (
					CodeSignOnCopy,
					RemoveHeadersOnCopy,
				);
				Dependencies/XCFrameworks/libavformat.xcframework = (
					CodeSignOnCopy,
					RemoveHeadersOnCopy,
				);
				Dependencies/XCFrameworks/libavutil.xcframework = (
					CodeSignOnCopy,
					RemoveHeadersOnCopy,
				);
				Dependencies/XCFrameworks/libswresample.xcframework = (
					CodeSignOnCopy,
					RemoveHeadersOnCopy,
				);
				Dependencies/XCFrameworks/libswscale.xcframework = (
					CodeSignOnCopy,
					RemoveHeadersOnCopy,
				);
				Dependencies/XCFrameworks/libteakra.xcframework = (
					CodeSignOnCopy,
					RemoveHeadersOnCopy,
				);
			};
			buildPhase = 4E80AA092CD6FAA800029585 /* Embed Libraries */;
			membershipExceptions = (
				"Dependencies/Dynamic Libraries/Hypervisor.framework",
				"Dependencies/Dynamic Libraries/libavcodec.dylib",
				"Dependencies/Dynamic Libraries/libavutil.dylib",
				"Dependencies/Dynamic Libraries/libMoltenVK.dylib",
				"Dependencies/Dynamic Libraries/Ryujinx.Headless.SDL2.dylib",
				"Dependencies/Dynamic Libraries/SoftwareKeyboard.framework",
				Dependencies/XCFrameworks/libavcodec.xcframework,
				Dependencies/XCFrameworks/libavfilter.xcframework,
				Dependencies/XCFrameworks/libavformat.xcframework,
				Dependencies/XCFrameworks/libavutil.xcframework,
				Dependencies/XCFrameworks/libSPIRV.xcframework,
				Dependencies/XCFrameworks/libswresample.xcframework,
				Dependencies/XCFrameworks/libswscale.xcframework,
				Dependencies/XCFrameworks/libteakra.xcframework,
				Dependencies/XCFrameworks/MoltenVK.xcframework,
				Dependencies/XCFrameworks/SDL2.xcframework,
			);
		};
/* End PBXFileSystemSynchronizedGroupBuildPhaseMembershipExceptionSet section */

/* Begin PBXFileSystemSynchronizedRootGroup section */
		4E80A98F2CD6F54500029585 /* MeloNX */ = {isa = PBXFileSystemSynchronizedRootGroup; exceptions = (CA8F9C2D2D3F5A3A00D7E586 /* PBXFileSystemSynchronizedBuildFileExceptionSet */, CA0AE31D2D3EECBC00F6D350 /* PBXFileSystemSynchronizedGroupBuildPhaseMembershipExceptionSet */, ); explicitFileTypes = {}; explicitFolders = (); path = MeloNX; sourceTree = "<group>"; };
		4E80A9A02CD6F54700029585 /* MeloNXTests */ = {isa = PBXFileSystemSynchronizedRootGroup; explicitFileTypes = {}; explicitFolders = (); path = MeloNXTests; sourceTree = "<group>"; };
		4E80A9AA2CD6F54700029585 /* MeloNXUITests */ = {isa = PBXFileSystemSynchronizedRootGroup; explicitFileTypes = {}; explicitFolders = (); path = MeloNXUITests; sourceTree = "<group>"; };
/* End PBXFileSystemSynchronizedRootGroup section */

/* Begin PBXFrameworksBuildPhase section */
		4E80A98A2CD6F54500029585 /* Frameworks */ = {
			isa = PBXFrameworksBuildPhase;
			buildActionMask = 2147483647;
			files = (
				4E0DED342D05695D00FEF007 /* SwiftUIJoystick in Frameworks */,
				CA8F9C322D3F5AB200D7E586 /* GameController.framework in Frameworks */,
				4EA5AE822D16807500AD0B9F /* SwiftSVG in Frameworks */,
			);
			runOnlyForDeploymentPostprocessing = 0;
		};
		4E80A99A2CD6F54700029585 /* Frameworks */ = {
			isa = PBXFrameworksBuildPhase;
			buildActionMask = 2147483647;
			files = (
			);
			runOnlyForDeploymentPostprocessing = 0;
		};
		4E80A9A42CD6F54700029585 /* Frameworks */ = {
			isa = PBXFrameworksBuildPhase;
			buildActionMask = 2147483647;
			files = (
			);
			runOnlyForDeploymentPostprocessing = 0;
		};
/* End PBXFrameworksBuildPhase section */

/* Begin PBXGroup section */
		4E80A9842CD6F54500029585 = {
			isa = PBXGroup;
			children = (
				5650564A2D2A758600C8BB1E /* dotnet.xcconfig.example */,
				BD43C6282D1B2514003BBC42 /* Ryujinx.Headless.SDL2.dylib */,
				4E80A98F2CD6F54500029585 /* MeloNX */,
				4E80A9A02CD6F54700029585 /* MeloNXTests */,
				4E80A9AA2CD6F54700029585 /* MeloNXUITests */,
				4E80AA192CD700F500029585 /* Frameworks */,
				4E80A98E2CD6F54500029585 /* Products */,
			);
			sourceTree = "<group>";
		};
		4E80A98E2CD6F54500029585 /* Products */ = {
			isa = PBXGroup;
			children = (
				4E80A98D2CD6F54500029585 /* MeloNX.app */,
				4E80A99D2CD6F54700029585 /* MeloNXTests.xctest */,
				4E80A9A72CD6F54700029585 /* MeloNXUITests.xctest */,
			);
			name = Products;
			sourceTree = "<group>";
		};
		4E80AA192CD700F500029585 /* Frameworks */ = {
			isa = PBXGroup;
			children = (
				4E80AA622CD7122800029585 /* GameController.framework */,
			);
			name = Frameworks;
			sourceTree = "<group>";
		};
/* End PBXGroup section */

/* Begin PBXLegacyTarget section */
		BD43C61D2D1B23AB003BBC42 /* Ryujinx */ = {
			isa = PBXLegacyTarget;
			buildArgumentsString = "publish -c Release -r ios-arm64 -p:ExtraDefineConstants=DISABLE_UPDATER src/Ryujinx.Headless.SDL2 --self-contained true";
			buildConfigurationList = BD43C61E2D1B23AB003BBC42 /* Build configuration list for PBXLegacyTarget "Ryujinx" */;
			buildPhases = (
			);
			buildToolPath = "$(DOTNET_PATH)";
			buildWorkingDirectory = "$(SRCROOT)/../..";
			dependencies = (
			);
			name = Ryujinx;
			packageProductDependencies = (
			);
			passBuildSettingsInEnvironment = 0;
			productName = Ryujinx;
		};
/* End PBXLegacyTarget section */

/* Begin PBXNativeTarget section */
		4E80A98C2CD6F54500029585 /* MeloNX */ = {
			isa = PBXNativeTarget;
			buildConfigurationList = 4E80A9B12CD6F54700029585 /* Build configuration list for PBXNativeTarget "MeloNX" */;
			buildPhases = (
				4E80A9892CD6F54500029585 /* Sources */,
				4E80A98A2CD6F54500029585 /* Frameworks */,
				4E80A98B2CD6F54500029585 /* Resources */,
				4E80AA092CD6FAA800029585 /* Embed Libraries */,
			);
			buildRules = (
			);
			dependencies = (
			);
			fileSystemSynchronizedGroups = (
				4E80A98F2CD6F54500029585 /* MeloNX */,
			);
			name = MeloNX;
			packageProductDependencies = (
				4E0DED332D05695D00FEF007 /* SwiftUIJoystick */,
				4EA5AE812D16807500AD0B9F /* SwiftSVG */,
			);
			productName = MeloNX;
			productReference = 4E80A98D2CD6F54500029585 /* MeloNX.app */;
			productType = "com.apple.product-type.application";
		};
		4E80A99C2CD6F54700029585 /* MeloNXTests */ = {
			isa = PBXNativeTarget;
			buildConfigurationList = 4E80A9B42CD6F54700029585 /* Build configuration list for PBXNativeTarget "MeloNXTests" */;
			buildPhases = (
				4E80A9992CD6F54700029585 /* Sources */,
				4E80A99A2CD6F54700029585 /* Frameworks */,
				4E80A99B2CD6F54700029585 /* Resources */,
			);
			buildRules = (
			);
			dependencies = (
				4E80A99F2CD6F54700029585 /* PBXTargetDependency */,
			);
			fileSystemSynchronizedGroups = (
				4E80A9A02CD6F54700029585 /* MeloNXTests */,
			);
			name = MeloNXTests;
			packageProductDependencies = (
			);
			productName = MeloNXTests;
			productReference = 4E80A99D2CD6F54700029585 /* MeloNXTests.xctest */;
			productType = "com.apple.product-type.bundle.unit-test";
		};
		4E80A9A62CD6F54700029585 /* MeloNXUITests */ = {
			isa = PBXNativeTarget;
			buildConfigurationList = 4E80A9B72CD6F54700029585 /* Build configuration list for PBXNativeTarget "MeloNXUITests" */;
			buildPhases = (
				4E80A9A32CD6F54700029585 /* Sources */,
				4E80A9A42CD6F54700029585 /* Frameworks */,
				4E80A9A52CD6F54700029585 /* Resources */,
			);
			buildRules = (
			);
			dependencies = (
				4E80A9A92CD6F54700029585 /* PBXTargetDependency */,
			);
			fileSystemSynchronizedGroups = (
				4E80A9AA2CD6F54700029585 /* MeloNXUITests */,
			);
			name = MeloNXUITests;
			packageProductDependencies = (
			);
			productName = MeloNXUITests;
			productReference = 4E80A9A72CD6F54700029585 /* MeloNXUITests.xctest */;
			productType = "com.apple.product-type.bundle.ui-testing";
		};
/* End PBXNativeTarget section */

/* Begin PBXProject section */
		4E80A9852CD6F54500029585 /* Project object */ = {
			isa = PBXProject;
			attributes = {
				BuildIndependentTargetsInParallel = 1;
				LastSwiftUpdateCheck = 1610;
				LastUpgradeCheck = 1610;
				TargetAttributes = {
					4E80A98C2CD6F54500029585 = {
						CreatedOnToolsVersion = 16.1;
					};
					4E80A99C2CD6F54700029585 = {
						CreatedOnToolsVersion = 16.1;
						TestTargetID = 4E80A98C2CD6F54500029585;
					};
					4E80A9A62CD6F54700029585 = {
						CreatedOnToolsVersion = 16.1;
						TestTargetID = 4E80A98C2CD6F54500029585;
					};
					BD43C61D2D1B23AB003BBC42 = {
						CreatedOnToolsVersion = 16.2;
					};
					BD43C6212D1B248D003BBC42 = {
						CreatedOnToolsVersion = 16.2;
					};
				};
			};
			buildConfigurationList = 4E80A9882CD6F54500029585 /* Build configuration list for PBXProject "MeloNX" */;
			developmentRegion = en;
			hasScannedForEncodings = 0;
			knownRegions = (
				en,
				Base,
			);
			mainGroup = 4E80A9842CD6F54500029585;
			minimizedProjectReferenceProxies = 1;
			packageReferences = (
				4E0DED322D05695D00FEF007 /* XCRemoteSwiftPackageReference "SwiftUIJoystick" */,
				4EA5AE802D16807500AD0B9F /* XCRemoteSwiftPackageReference "SwiftSVG" */,
			);
			preferredProjectObjectVersion = 56;
			productRefGroup = 4E80A98E2CD6F54500029585 /* Products */;
			projectDirPath = "";
			projectRoot = "";
			targets = (
				4E80A98C2CD6F54500029585 /* MeloNX */,
				4E80A99C2CD6F54700029585 /* MeloNXTests */,
				4E80A9A62CD6F54700029585 /* MeloNXUITests */,
				BD43C61D2D1B23AB003BBC42 /* Ryujinx */,
				BD43C6212D1B248D003BBC42 /* com.Stossy11.MeloNX.RyujinxAg */,
			);
		};
/* End PBXProject section */

/* Begin PBXResourcesBuildPhase section */
		4E80A98B2CD6F54500029585 /* Resources */ = {
			isa = PBXResourcesBuildPhase;
			buildActionMask = 2147483647;
			files = (
			);
			runOnlyForDeploymentPostprocessing = 0;
		};
		4E80A99B2CD6F54700029585 /* Resources */ = {
			isa = PBXResourcesBuildPhase;
			buildActionMask = 2147483647;
			files = (
			);
			runOnlyForDeploymentPostprocessing = 0;
		};
		4E80A9A52CD6F54700029585 /* Resources */ = {
			isa = PBXResourcesBuildPhase;
			buildActionMask = 2147483647;
			files = (
			);
			runOnlyForDeploymentPostprocessing = 0;
		};
/* End PBXResourcesBuildPhase section */

/* Begin PBXShellScriptBuildPhase section */
		BD43C62A2D1B252F003BBC42 /* ShellScript */ = {
			isa = PBXShellScriptBuildPhase;
			buildActionMask = 2147483647;
			files = (
			);
			inputFileListPaths = (
			);
			inputPaths = (
				"$(SRCROOT)/../../src/Ryujinx.Headless.SDL2/bin/Release/net8.0/ios-arm64/native/Ryujinx.Headless.SDL2.dylib",
			);
			outputFileListPaths = (
			);
			outputPaths = (
				"$(SRCROOT)/MeloNX/Dependencies/Dynamic Libraries/Ryujinx.Headless.SDL2.dylib",
			);
			runOnlyForDeploymentPostprocessing = 0;
			shellPath = /bin/sh;
			shellScript = "cd ../..\nmv src/Ryujinx.Headless.SDL2/bin/Release/net8.0/ios-arm64/native/Ryujinx.Headless.SDL2.dylib src/MeloNX/MeloNX/Dependencies/Dynamic\\ Libraries/Ryujinx.Headless.SDL2.dylib\n";
		};
/* End PBXShellScriptBuildPhase section */

/* Begin PBXSourcesBuildPhase section */
		4E80A9892CD6F54500029585 /* Sources */ = {
			isa = PBXSourcesBuildPhase;
			buildActionMask = 2147483647;
			files = (
			);
			runOnlyForDeploymentPostprocessing = 0;
		};
		4E80A9992CD6F54700029585 /* Sources */ = {
			isa = PBXSourcesBuildPhase;
			buildActionMask = 2147483647;
			files = (
			);
			runOnlyForDeploymentPostprocessing = 0;
		};
		4E80A9A32CD6F54700029585 /* Sources */ = {
			isa = PBXSourcesBuildPhase;
			buildActionMask = 2147483647;
			files = (
			);
			runOnlyForDeploymentPostprocessing = 0;
		};
/* End PBXSourcesBuildPhase section */

/* Begin PBXTargetDependency section */
		4E80A99F2CD6F54700029585 /* PBXTargetDependency */ = {
			isa = PBXTargetDependency;
			target = 4E80A98C2CD6F54500029585 /* MeloNX */;
			targetProxy = 4E80A99E2CD6F54700029585 /* PBXContainerItemProxy */;
		};
		4E80A9A92CD6F54700029585 /* PBXTargetDependency */ = {
			isa = PBXTargetDependency;
			target = 4E80A98C2CD6F54500029585 /* MeloNX */;
			targetProxy = 4E80A9A82CD6F54700029585 /* PBXContainerItemProxy */;
		};
		BD43C6262D1B249E003BBC42 /* PBXTargetDependency */ = {
			isa = PBXTargetDependency;
			target = BD43C61D2D1B23AB003BBC42 /* Ryujinx */;
			targetProxy = BD43C6252D1B249E003BBC42 /* PBXContainerItemProxy */;
		};
/* End PBXTargetDependency section */

/* Begin XCBuildConfiguration section */
		4E80A9AF2CD6F54700029585 /* Debug */ = {
			isa = XCBuildConfiguration;
			buildSettings = {
				ALWAYS_SEARCH_USER_PATHS = NO;
				ASSETCATALOG_COMPILER_GENERATE_SWIFT_ASSET_SYMBOL_EXTENSIONS = YES;
				ASSETCATALOG_COMPILER_OPTIMIZATION = time;
				CLANG_ANALYZER_NONNULL = YES;
				CLANG_ANALYZER_NUMBER_OBJECT_CONVERSION = YES_AGGRESSIVE;
				CLANG_CXX_LANGUAGE_STANDARD = "gnu++20";
				CLANG_ENABLE_MODULES = YES;
				CLANG_ENABLE_OBJC_ARC = YES;
				CLANG_ENABLE_OBJC_WEAK = YES;
				CLANG_WARN_BLOCK_CAPTURE_AUTORELEASING = YES;
				CLANG_WARN_BOOL_CONVERSION = YES;
				CLANG_WARN_COMMA = YES;
				CLANG_WARN_CONSTANT_CONVERSION = YES;
				CLANG_WARN_DEPRECATED_OBJC_IMPLEMENTATIONS = YES;
				CLANG_WARN_DIRECT_OBJC_ISA_USAGE = YES_ERROR;
				CLANG_WARN_DOCUMENTATION_COMMENTS = YES;
				CLANG_WARN_EMPTY_BODY = YES;
				CLANG_WARN_ENUM_CONVERSION = YES;
				CLANG_WARN_INFINITE_RECURSION = YES;
				CLANG_WARN_INT_CONVERSION = YES;
				CLANG_WARN_NON_LITERAL_NULL_CONVERSION = YES;
				CLANG_WARN_OBJC_IMPLICIT_RETAIN_SELF = YES;
				CLANG_WARN_OBJC_LITERAL_CONVERSION = YES;
				CLANG_WARN_OBJC_ROOT_CLASS = YES_ERROR;
				CLANG_WARN_QUOTED_INCLUDE_IN_FRAMEWORK_HEADER = YES;
				CLANG_WARN_RANGE_LOOP_ANALYSIS = YES;
				CLANG_WARN_STRICT_PROTOTYPES = YES;
				CLANG_WARN_SUSPICIOUS_MOVE = YES;
				CLANG_WARN_UNGUARDED_AVAILABILITY = YES_AGGRESSIVE;
				CLANG_WARN_UNREACHABLE_CODE = YES;
				CLANG_WARN__DUPLICATE_METHOD_MATCH = YES;
				COPY_PHASE_STRIP = NO;
				DEBUG_INFORMATION_FORMAT = dwarf;
				EAGER_LINKING = YES;
				ENABLE_STRICT_OBJC_MSGSEND = YES;
				ENABLE_TESTABILITY = YES;
				ENABLE_USER_SCRIPT_SANDBOXING = YES;
				GCC_C_LANGUAGE_STANDARD = gnu17;
				GCC_DYNAMIC_NO_PIC = NO;
				GCC_FAST_MATH = YES;
				GCC_NO_COMMON_BLOCKS = YES;
				GCC_OPTIMIZATION_LEVEL = 0;
				GCC_PREPROCESSOR_DEFINITIONS = (
					"DEBUG=1",
					"$(inherited)",
				);
				GCC_UNROLL_LOOPS = YES;
				GCC_WARN_64_TO_32_BIT_CONVERSION = YES;
				GCC_WARN_ABOUT_RETURN_TYPE = YES_ERROR;
				GCC_WARN_UNDECLARED_SELECTOR = YES;
				GCC_WARN_UNINITIALIZED_AUTOS = YES_AGGRESSIVE;
				GCC_WARN_UNUSED_FUNCTION = YES;
				GCC_WARN_UNUSED_VARIABLE = YES;
				IPHONEOS_DEPLOYMENT_TARGET = 18.1;
				LLVM_LTO = YES_THIN;
				LOCALIZATION_PREFERS_STRING_CATALOGS = YES;
				MTL_ENABLE_DEBUG_INFO = INCLUDE_SOURCE;
				MTL_FAST_MATH = YES;
				ONLY_ACTIVE_ARCH = NO;
				SDKROOT = iphoneos;
				SWIFT_ACTIVE_COMPILATION_CONDITIONS = "DEBUG $(inherited)";
				SWIFT_ENFORCE_EXCLUSIVE_ACCESS = "debug-only";
				SWIFT_OPTIMIZATION_LEVEL = "-Onone";
			};
			name = Debug;
		};
		4E80A9B02CD6F54700029585 /* Release */ = {
			isa = XCBuildConfiguration;
			buildSettings = {
				ALWAYS_SEARCH_USER_PATHS = NO;
				ASSETCATALOG_COMPILER_GENERATE_SWIFT_ASSET_SYMBOL_EXTENSIONS = YES;
				ASSETCATALOG_COMPILER_OPTIMIZATION = time;
				CLANG_ANALYZER_NONNULL = YES;
				CLANG_ANALYZER_NUMBER_OBJECT_CONVERSION = YES_AGGRESSIVE;
				CLANG_CXX_LANGUAGE_STANDARD = "gnu++20";
				CLANG_ENABLE_MODULES = YES;
				CLANG_ENABLE_OBJC_ARC = YES;
				CLANG_ENABLE_OBJC_WEAK = YES;
				CLANG_WARN_BLOCK_CAPTURE_AUTORELEASING = YES;
				CLANG_WARN_BOOL_CONVERSION = YES;
				CLANG_WARN_COMMA = YES;
				CLANG_WARN_CONSTANT_CONVERSION = YES;
				CLANG_WARN_DEPRECATED_OBJC_IMPLEMENTATIONS = YES;
				CLANG_WARN_DIRECT_OBJC_ISA_USAGE = YES_ERROR;
				CLANG_WARN_DOCUMENTATION_COMMENTS = YES;
				CLANG_WARN_EMPTY_BODY = YES;
				CLANG_WARN_ENUM_CONVERSION = YES;
				CLANG_WARN_INFINITE_RECURSION = YES;
				CLANG_WARN_INT_CONVERSION = YES;
				CLANG_WARN_NON_LITERAL_NULL_CONVERSION = YES;
				CLANG_WARN_OBJC_IMPLICIT_RETAIN_SELF = YES;
				CLANG_WARN_OBJC_LITERAL_CONVERSION = YES;
				CLANG_WARN_OBJC_ROOT_CLASS = YES_ERROR;
				CLANG_WARN_QUOTED_INCLUDE_IN_FRAMEWORK_HEADER = YES;
				CLANG_WARN_RANGE_LOOP_ANALYSIS = YES;
				CLANG_WARN_STRICT_PROTOTYPES = YES;
				CLANG_WARN_SUSPICIOUS_MOVE = YES;
				CLANG_WARN_UNGUARDED_AVAILABILITY = YES_AGGRESSIVE;
				CLANG_WARN_UNREACHABLE_CODE = YES;
				CLANG_WARN__DUPLICATE_METHOD_MATCH = YES;
				COPY_PHASE_STRIP = NO;
				DEBUG_INFORMATION_FORMAT = "dwarf-with-dsym";
				EAGER_LINKING = YES;
				ENABLE_NS_ASSERTIONS = NO;
				ENABLE_STRICT_OBJC_MSGSEND = YES;
				ENABLE_USER_SCRIPT_SANDBOXING = YES;
				GCC_C_LANGUAGE_STANDARD = gnu17;
				GCC_FAST_MATH = YES;
				GCC_NO_COMMON_BLOCKS = YES;
				GCC_OPTIMIZATION_LEVEL = fast;
				GCC_UNROLL_LOOPS = YES;
				GCC_WARN_64_TO_32_BIT_CONVERSION = YES;
				GCC_WARN_ABOUT_RETURN_TYPE = YES_ERROR;
				GCC_WARN_UNDECLARED_SELECTOR = YES;
				GCC_WARN_UNINITIALIZED_AUTOS = YES_AGGRESSIVE;
				GCC_WARN_UNUSED_FUNCTION = YES;
				GCC_WARN_UNUSED_VARIABLE = YES;
				IPHONEOS_DEPLOYMENT_TARGET = 18.1;
				LLVM_LTO = YES_THIN;
				LOCALIZATION_PREFERS_STRING_CATALOGS = YES;
				MTL_ENABLE_DEBUG_INFO = NO;
				MTL_FAST_MATH = YES;
				ONLY_ACTIVE_ARCH = YES;
				SDKROOT = iphoneos;
				SWIFT_COMPILATION_MODE = wholemodule;
				SWIFT_DISABLE_SAFETY_CHECKS = YES;
				SWIFT_ENFORCE_EXCLUSIVE_ACCESS = "debug-only";
				VALIDATE_PRODUCT = YES;
			};
			name = Release;
		};
		4E80A9B22CD6F54700029585 /* Debug */ = {
			isa = XCBuildConfiguration;
			buildSettings = {
				ASSETCATALOG_COMPILER_APPICON_NAME = AppIcon;
				ASSETCATALOG_COMPILER_GLOBAL_ACCENT_COLOR_NAME = AccentColor;
				CODE_SIGN_ENTITLEMENTS = MeloNX/MeloNX.entitlements;
				CODE_SIGN_STYLE = Automatic;
				CURRENT_PROJECT_VERSION = 1;
				DEVELOPMENT_ASSET_PATHS = "";
				DEVELOPMENT_TEAM = 95J8WZ4TN8;
				ENABLE_PREVIEWS = YES;
				ENABLE_TESTABILITY = NO;
				FRAMEWORK_SEARCH_PATHS = (
					"$(inherited)",
					"$(PROJECT_DIR)/MeloNX/Dependencies/XCFrameworks",
					"$(PROJECT_DIR)/MeloNX/Dependencies/Dynamic\\ Libraries",
					"$(PROJECT_DIR)/MeloNX/Dependencies/Dynamic\\ Libraries",
				);
				GCC_OPTIMIZATION_LEVEL = fast;
				GENERATE_INFOPLIST_FILE = YES;
				INFOPLIST_FILE = MeloNX/Info.plist;
				INFOPLIST_KEY_GCSupportsGameMode = YES;
				INFOPLIST_KEY_LSApplicationCategoryType = "public.app-category.games";
				INFOPLIST_KEY_LSSupportsOpeningDocumentsInPlace = YES;
				INFOPLIST_KEY_UIApplicationSceneManifest_Generation = YES;
				INFOPLIST_KEY_UIApplicationSupportsIndirectInputEvents = YES;
				INFOPLIST_KEY_UILaunchScreen_Generation = YES;
				INFOPLIST_KEY_UIRequiresFullScreen = YES;
				INFOPLIST_KEY_UISupportedInterfaceOrientations = "UIInterfaceOrientationLandscapeLeft UIInterfaceOrientationLandscapeRight";
				INFOPLIST_KEY_UISupportsDocumentBrowser = YES;
				IPHONEOS_DEPLOYMENT_TARGET = 15.0;
				LD_RUNPATH_SEARCH_PATHS = (
					"$(inherited)",
					"@executable_path/Frameworks",
				);
				LIBRARY_SEARCH_PATHS = (
					"$(inherited)",
					"$(PROJECT_DIR)/MeloNX/Dependencies/Dynamic\\ Libraries",
					"$(PROJECT_DIR)/MeloNX/Dependencies/Dynamic\\ Libraries",
					"$(PROJECT_DIR)/MeloNX/Dependencies/Dynamic\\ Libraries",
					"$(PROJECT_DIR)/MeloNX/Dependencies/Dynamic\\ Libraries",
				);
				MARKETING_VERSION = 0.0.8;
				PRODUCT_BUNDLE_IDENTIFIER = com.stossy11.MeloNX;
				PRODUCT_NAME = "$(TARGET_NAME)";
				SWIFT_EMIT_LOC_STRINGS = YES;
				SWIFT_OBJC_BRIDGING_HEADER = "MeloNX/App/Core/Headers/Ryujinx-Header.h";
				SWIFT_VERSION = 5.0;
				TARGETED_DEVICE_FAMILY = "1,2";
			};
			name = Debug;
		};
		4E80A9B32CD6F54700029585 /* Release */ = {
			isa = XCBuildConfiguration;
			buildSettings = {
				ASSETCATALOG_COMPILER_APPICON_NAME = AppIcon;
				ASSETCATALOG_COMPILER_GLOBAL_ACCENT_COLOR_NAME = AccentColor;
				CODE_SIGN_ENTITLEMENTS = MeloNX/MeloNX.entitlements;
				CODE_SIGN_STYLE = Automatic;
				CURRENT_PROJECT_VERSION = 1;
				DEVELOPMENT_ASSET_PATHS = "";
				DEVELOPMENT_TEAM = 95J8WZ4TN8;
				ENABLE_PREVIEWS = YES;
				ENABLE_TESTABILITY = YES;
				FRAMEWORK_SEARCH_PATHS = (
					"$(inherited)",
					"$(PROJECT_DIR)/MeloNX/Dependencies/XCFrameworks",
					"$(PROJECT_DIR)/MeloNX/Dependencies/Dynamic\\ Libraries",
					"$(PROJECT_DIR)/MeloNX/Dependencies/Dynamic\\ Libraries",
				);
				GCC_OPTIMIZATION_LEVEL = fast;
				GENERATE_INFOPLIST_FILE = YES;
				INFOPLIST_FILE = MeloNX/Info.plist;
				INFOPLIST_KEY_GCSupportsGameMode = YES;
				INFOPLIST_KEY_LSApplicationCategoryType = "public.app-category.games";
				INFOPLIST_KEY_LSSupportsOpeningDocumentsInPlace = YES;
				INFOPLIST_KEY_UIApplicationSceneManifest_Generation = YES;
				INFOPLIST_KEY_UIApplicationSupportsIndirectInputEvents = YES;
				INFOPLIST_KEY_UILaunchScreen_Generation = YES;
				INFOPLIST_KEY_UIRequiresFullScreen = YES;
				INFOPLIST_KEY_UISupportedInterfaceOrientations = "UIInterfaceOrientationLandscapeLeft UIInterfaceOrientationLandscapeRight";
				INFOPLIST_KEY_UISupportsDocumentBrowser = YES;
				IPHONEOS_DEPLOYMENT_TARGET = 15.0;
				LD_RUNPATH_SEARCH_PATHS = (
					"$(inherited)",
					"@executable_path/Frameworks",
				);
				LIBRARY_SEARCH_PATHS = (
					"$(inherited)",
					"$(PROJECT_DIR)/MeloNX/Dependencies/Dynamic\\ Libraries",
					"$(PROJECT_DIR)/MeloNX/Dependencies/Dynamic\\ Libraries",
					"$(PROJECT_DIR)/MeloNX/Dependencies/Dynamic\\ Libraries",
					"$(PROJECT_DIR)/MeloNX/Dependencies/Dynamic\\ Libraries",
				);
				MARKETING_VERSION = 0.0.8;
				PRODUCT_BUNDLE_IDENTIFIER = com.stossy11.MeloNX;
				PRODUCT_NAME = "$(TARGET_NAME)";
				SWIFT_EMIT_LOC_STRINGS = YES;
				SWIFT_OBJC_BRIDGING_HEADER = "MeloNX/App/Core/Headers/Ryujinx-Header.h";
				SWIFT_VERSION = 5.0;
				TARGETED_DEVICE_FAMILY = "1,2";
			};
			name = Release;
		};
		4E80A9B52CD6F54700029585 /* Debug */ = {
			isa = XCBuildConfiguration;
			buildSettings = {
				BUNDLE_LOADER = "$(TEST_HOST)";
				CODE_SIGN_STYLE = Automatic;
				CURRENT_PROJECT_VERSION = 1;
				DEVELOPMENT_TEAM = 95J8WZ4TN8;
				GENERATE_INFOPLIST_FILE = YES;
				IPHONEOS_DEPLOYMENT_TARGET = 18.1;
				MARKETING_VERSION = 1.0;
				PRODUCT_BUNDLE_IDENTIFIER = com.stossy11.MeloNXTests;
				PRODUCT_NAME = "$(TARGET_NAME)";
				SWIFT_EMIT_LOC_STRINGS = NO;
				SWIFT_VERSION = 5.0;
				TARGETED_DEVICE_FAMILY = "1,2";
				TEST_HOST = "$(BUILT_PRODUCTS_DIR)/MeloNX.app/$(BUNDLE_EXECUTABLE_FOLDER_PATH)/MeloNX";
			};
			name = Debug;
		};
		4E80A9B62CD6F54700029585 /* Release */ = {
			isa = XCBuildConfiguration;
			buildSettings = {
				BUNDLE_LOADER = "$(TEST_HOST)";
				CODE_SIGN_STYLE = Automatic;
				CURRENT_PROJECT_VERSION = 1;
				DEVELOPMENT_TEAM = 95J8WZ4TN8;
				GENERATE_INFOPLIST_FILE = YES;
				IPHONEOS_DEPLOYMENT_TARGET = 18.1;
				MARKETING_VERSION = 1.0;
				PRODUCT_BUNDLE_IDENTIFIER = com.stossy11.MeloNXTests;
				PRODUCT_NAME = "$(TARGET_NAME)";
				SWIFT_EMIT_LOC_STRINGS = NO;
				SWIFT_VERSION = 5.0;
				TARGETED_DEVICE_FAMILY = "1,2";
				TEST_HOST = "$(BUILT_PRODUCTS_DIR)/MeloNX.app/$(BUNDLE_EXECUTABLE_FOLDER_PATH)/MeloNX";
			};
			name = Release;
		};
		4E80A9B82CD6F54700029585 /* Debug */ = {
			isa = XCBuildConfiguration;
			buildSettings = {
				CODE_SIGN_STYLE = Automatic;
				CURRENT_PROJECT_VERSION = 1;
				DEVELOPMENT_TEAM = 95J8WZ4TN8;
				GENERATE_INFOPLIST_FILE = YES;
				MARKETING_VERSION = 1.0;
				PRODUCT_BUNDLE_IDENTIFIER = com.stossy11.MeloNXUITests;
				PRODUCT_NAME = "$(TARGET_NAME)";
				SWIFT_EMIT_LOC_STRINGS = NO;
				SWIFT_VERSION = 5.0;
				TARGETED_DEVICE_FAMILY = "1,2";
				TEST_TARGET_NAME = MeloNX;
			};
			name = Debug;
		};
		4E80A9B92CD6F54700029585 /* Release */ = {
			isa = XCBuildConfiguration;
			buildSettings = {
				CODE_SIGN_STYLE = Automatic;
				CURRENT_PROJECT_VERSION = 1;
				DEVELOPMENT_TEAM = 95J8WZ4TN8;
				GENERATE_INFOPLIST_FILE = YES;
				MARKETING_VERSION = 1.0;
				PRODUCT_BUNDLE_IDENTIFIER = com.stossy11.MeloNXUITests;
				PRODUCT_NAME = "$(TARGET_NAME)";
				SWIFT_EMIT_LOC_STRINGS = NO;
				SWIFT_VERSION = 5.0;
				TARGETED_DEVICE_FAMILY = "1,2";
				TEST_TARGET_NAME = MeloNX;
			};
			name = Release;
		};
		BD43C61F2D1B23AB003BBC42 /* Debug */ = {
			isa = XCBuildConfiguration;
			buildSettings = {
				CODE_SIGN_STYLE = Automatic;
				DEBUGGING_SYMBOLS = YES;
				DEBUG_INFORMATION_FORMAT = dwarf;
				DEVELOPMENT_TEAM = 95J8WZ4TN8;
				GCC_GENERATE_DEBUGGING_SYMBOLS = YES;
				GCC_OPTIMIZATION_LEVEL = 0;
				ONLY_ACTIVE_ARCH = YES;
				OTHER_CFLAGS = "";
				OTHER_LDFLAGS = "";
				PRODUCT_NAME = "$(TARGET_NAME)";
			};
			name = Debug;
		};
		BD43C6202D1B23AB003BBC42 /* Release */ = {
			isa = XCBuildConfiguration;
			buildSettings = {
				CODE_SIGN_STYLE = Automatic;
				DEBUG_INFORMATION_FORMAT = "dwarf-with-dsym";
				DEVELOPMENT_TEAM = 95J8WZ4TN8;
				OTHER_CFLAGS = "";
				OTHER_LDFLAGS = "";
				PRODUCT_NAME = "$(TARGET_NAME)";
			};
			name = Release;
		};
		BD43C6232D1B248D003BBC42 /* Debug */ = {
			isa = XCBuildConfiguration;
			buildSettings = {
				CODE_SIGN_STYLE = Automatic;
				DEVELOPMENT_TEAM = 95J8WZ4TN8;
				PRODUCT_NAME = "$(TARGET_NAME)";
			};
			name = Debug;
		};
		BD43C6242D1B248D003BBC42 /* Release */ = {
			isa = XCBuildConfiguration;
			buildSettings = {
				CODE_SIGN_STYLE = Automatic;
				DEVELOPMENT_TEAM = 95J8WZ4TN8;
				PRODUCT_NAME = "$(TARGET_NAME)";
			};
			name = Release;
		};
/* End XCBuildConfiguration section */

/* Begin XCConfigurationList section */
		4E80A9882CD6F54500029585 /* Build configuration list for PBXProject "MeloNX" */ = {
			isa = XCConfigurationList;
			buildConfigurations = (
				4E80A9AF2CD6F54700029585 /* Debug */,
				4E80A9B02CD6F54700029585 /* Release */,
			);
			defaultConfigurationIsVisible = 0;
			defaultConfigurationName = Release;
		};
		4E80A9B12CD6F54700029585 /* Build configuration list for PBXNativeTarget "MeloNX" */ = {
			isa = XCConfigurationList;
			buildConfigurations = (
				4E80A9B22CD6F54700029585 /* Debug */,
				4E80A9B32CD6F54700029585 /* Release */,
			);
			defaultConfigurationIsVisible = 0;
			defaultConfigurationName = Release;
		};
		4E80A9B42CD6F54700029585 /* Build configuration list for PBXNativeTarget "MeloNXTests" */ = {
			isa = XCConfigurationList;
			buildConfigurations = (
				4E80A9B52CD6F54700029585 /* Debug */,
				4E80A9B62CD6F54700029585 /* Release */,
			);
			defaultConfigurationIsVisible = 0;
			defaultConfigurationName = Release;
		};
		4E80A9B72CD6F54700029585 /* Build configuration list for PBXNativeTarget "MeloNXUITests" */ = {
			isa = XCConfigurationList;
			buildConfigurations = (
				4E80A9B82CD6F54700029585 /* Debug */,
				4E80A9B92CD6F54700029585 /* Release */,
			);
			defaultConfigurationIsVisible = 0;
			defaultConfigurationName = Release;
		};
		BD43C61E2D1B23AB003BBC42 /* Build configuration list for PBXLegacyTarget "Ryujinx" */ = {
			isa = XCConfigurationList;
			buildConfigurations = (
				BD43C61F2D1B23AB003BBC42 /* Debug */,
				BD43C6202D1B23AB003BBC42 /* Release */,
			);
			defaultConfigurationIsVisible = 0;
			defaultConfigurationName = Release;
		};
		BD43C6222D1B248D003BBC42 /* Build configuration list for PBXAggregateTarget "com.Stossy11.MeloNX.RyujinxAg" */ = {
			isa = XCConfigurationList;
			buildConfigurations = (
				BD43C6232D1B248D003BBC42 /* Debug */,
				BD43C6242D1B248D003BBC42 /* Release */,
			);
			defaultConfigurationIsVisible = 0;
			defaultConfigurationName = Release;
		};
/* End XCConfigurationList section */

/* Begin XCRemoteSwiftPackageReference section */
		4E0DED322D05695D00FEF007 /* XCRemoteSwiftPackageReference "SwiftUIJoystick" */ = {
			isa = XCRemoteSwiftPackageReference;
			repositoryURL = "https://github.com/michael94ellis/SwiftUIJoystick";
			requirement = {
				kind = upToNextMajorVersion;
				minimumVersion = 1.5.0;
			};
		};
		4EA5AE802D16807500AD0B9F /* XCRemoteSwiftPackageReference "SwiftSVG" */ = {
			isa = XCRemoteSwiftPackageReference;
			repositoryURL = "https://github.com/mchoe/SwiftSVG";
			requirement = {
				branch = master;
				kind = branch;
			};
		};
/* End XCRemoteSwiftPackageReference section */

/* Begin XCSwiftPackageProductDependency section */
		4E0DED332D05695D00FEF007 /* SwiftUIJoystick */ = {
			isa = XCSwiftPackageProductDependency;
			package = 4E0DED322D05695D00FEF007 /* XCRemoteSwiftPackageReference "SwiftUIJoystick" */;
			productName = SwiftUIJoystick;
		};
		4EA5AE812D16807500AD0B9F /* SwiftSVG */ = {
			isa = XCSwiftPackageProductDependency;
			package = 4EA5AE802D16807500AD0B9F /* XCRemoteSwiftPackageReference "SwiftSVG" */;
			productName = SwiftSVG;
		};
/* End XCSwiftPackageProductDependency section */
	};
	rootObject = 4E80A9852CD6F54500029585 /* Project object */;
}
