{
  "originHash" : "c792a2924663f4c37fc87447015b66d6ddf16affc1d3bb2834b8a5a4e08a98b0",
  "pins" : [
    {
      "identity" : "navigation-stack-backport",
      "kind" : "remoteSourceControl",
      "location" : "https://github.com/lm/navigation-stack-backport",
      "state" : {
        "revision" : "55acfe7693c233ddc7f62f887f0df6ebd779ef01",
        "version" : "1.1.0"
      }
    },
    {
      "identity" : "swiftsvg",
      "kind" : "remoteSourceControl",
      "location" : "https://github.com/mchoe/SwiftSVG",
      "state" : {
        "branch" : "master",
        "revision" : "88b9ee086b29019e35f6f49c8e30e5552eb8fa9d"
      }
    }
  ],
  "version" : 3
}
